
Microsoft Visual Studio Solution File, Format Version 12.00
# Visual Studio 15
VisualStudioVersion = 15.0.27428.2037
MinimumVisualStudioVersion = 10.0.40219.1
Project("{FAE04EC0-301F-11D3-BF4B-00C04F79EFBC}") = "Vista", "DesktopBikes\Vista.csproj", "{95B767C9-06DD-452B-AE55-AB04B657398C}"
EndProject
Project("{FAE04EC0-301F-11D3-BF4B-00C04F79EFBC}") = "Controlador", "Controlador\Controlador.csproj", "{B1D36E69-D130-4FF7-BA7F-00B2FBFE2C96}"
EndProject
Project("{FAE04EC0-301F-11D3-BF4B-00C04F79EFBC}") = "Modelo", "Modelo\Modelo.csproj", "{6ADAE5EA-DAF6-413D-BCD7-5054EB79E501}"
EndProject
Global
	GlobalSection(SolutionConfigurationPlatforms) = preSolution
		Debug|Any CPU = Debug|Any CPU
		Release|Any CPU = Release|Any CPU
	EndGlobalSection
	GlobalSection(ProjectConfigurationPlatforms) = postSolution
		{95B767C9-06DD-452B-AE55-AB04B657398C}.Debug|Any CPU.ActiveCfg = Debug|Any CPU
		{95B767C9-06DD-452B-AE55-AB04B657398C}.Debug|Any CPU.Build.0 = Debug|Any CPU
		{95B767C9-06DD-452B-AE55-AB04B657398C}.Release|Any CPU.ActiveCfg = Release|Any CPU
		{95B767C9-06DD-452B-AE55-AB04B657398C}.Release|Any CPU.Build.0 = Release|Any CPU
		{B1D36E69-D130-4FF7-BA7F-00B2FBFE2C96}.Debug|Any CPU.ActiveCfg = Debug|Any CPU
		{B1D36E69-D130-4FF7-BA7F-00B2FBFE2C96}.Debug|Any CPU.Build.0 = Debug|Any CPU
		{B1D36E69-D130-4FF7-BA7F-00B2FBFE2C96}.Release|Any CPU.ActiveCfg = Release|Any CPU
		{B1D36E69-D130-4FF7-BA7F-00B2FBFE2C96}.Release|Any CPU.Build.0 = Release|Any CPU
		{6ADAE5EA-DAF6-413D-BCD7-5054EB79E501}.Debug|Any CPU.ActiveCfg = Debug|Any CPU
		{6ADAE5EA-DAF6-413D-BCD7-5054EB79E501}.Debug|Any CPU.Build.0 = Debug|Any CPU
		{6ADAE5EA-DAF6-413D-BCD7-5054EB79E501}.Release|Any CPU.ActiveCfg = Release|Any CPU
		{6ADAE5EA-DAF6-413D-BCD7-5054EB79E501}.Release|Any CPU.Build.0 = Release|Any CPU
	EndGlobalSection
	GlobalSection(SolutionProperties) = preSolution
		HideSolutionNode = FALSE
	EndGlobalSection
	GlobalSection(ExtensibilityGlobals) = postSolution
		SolutionGuid = {EA2BC057-42E4-4741-9F2F-7F58EDFD2C4C}
	EndGlobalSection
EndGlobal
